// !$*UTF8*$!
{
	archiveVersion = 1;
	classes = {
	};
	objectVersion = 46;
	objects = {

/* Begin PBXBuildFile section */
		5B1FDBEA1C7CDF8800658AEA /* AppDelegate.swift in Sources */ = {isa = PBXBuildFile; fileRef = 5B1FDBE91C7CDF8800658AEA /* AppDelegate.swift */; };
		5B1FDBEC1C7CDF8800658AEA /* ViewController.swift in Sources */ = {isa = PBXBuildFile; fileRef = 5B1FDBEB1C7CDF8800658AEA /* ViewController.swift */; };
		5B1FDBEF1C7CDF8800658AEA /* Main.storyboard in Resources */ = {isa = PBXBuildFile; fileRef = 5B1FDBED1C7CDF8800658AEA /* Main.storyboard */; };
		5B1FDBF11C7CDF8800658AEA /* Assets.xcassets in Resources */ = {isa = PBXBuildFile; fileRef = 5B1FDBF01C7CDF8800658AEA /* Assets.xcassets */; };
		5B1FDBF41C7CDF8800658AEA /* LaunchScreen.storyboard in Resources */ = {isa = PBXBuildFile; fileRef = 5B1FDBF21C7CDF8800658AEA /* LaunchScreen.storyboard */; };
/* End PBXBuildFile section */

/* Begin PBXFileReference section */
		5B1FDBE61C7CDF8800658AEA /* weather-by-mikwiss.app */ = {isa = PBXFileReference; explicitFileType = wrapper.application; includeInIndex = 0; path = "weather-by-mikwiss.app"; sourceTree = BUILT_PRODUCTS_DIR; };
		5B1FDBE91C7CDF8800658AEA /* AppDelegate.swift */ = {isa = PBXFileReference; lastKnownFileType = sourcecode.swift; path = AppDelegate.swift; sourceTree = "<group>"; };
		5B1FDBEB1C7CDF8800658AEA /* ViewController.swift */ = {isa = PBXFileReference; lastKnownFileType = sourcecode.swift; path = ViewController.swift; sourceTree = "<group>"; };
		5B1FDBEE1C7CDF8800658AEA /* Base */ = {isa = PBXFileReference; lastKnownFileType = file.storyboard; name = Base; path = Base.lproj/Main.storyboard; sourceTree = "<group>"; };
		5B1FDBF01C7CDF8800658AEA /* Assets.xcassets */ = {isa = PBXFileReference; lastKnownFileType = folder.assetcatalog; path = Assets.xcassets; sourceTree = "<group>"; };
		5B1FDBF31C7CDF8800658AEA /* Base */ = {isa = PBXFileReference; lastKnownFileType = file.storyboard; name = Base; path = Base.lproj/LaunchScreen.storyboard; sourceTree = "<group>"; };
		5B1FDBF51C7CDF8800658AEA /* Info.plist */ = {isa = PBXFileReference; lastKnownFileType = text.plist.xml; path = Info.plist; sourceTree = "<group>"; };
/* End PBXFileReference section */

/* Begin PBXFrameworksBuildPhase section */
		5B1FDBE31C7CDF8800658AEA /* Frameworks */ = {
			isa = PBXFrameworksBuildPhase;
			buildActionMask = 2147483647;
			files = (
			);
			runOnlyForDeploymentPostprocessing = 0;
		};
/* End PBXFrameworksBuildPhase section */

/* Begin PBXGroup section */
		5B1FDBDD1C7CDF8800658AEA = {
			isa = PBXGroup;
			children = (
				5B1FDBE81C7CDF8800658AEA /* weather-by-mikwiss */,
				5B1FDBE71C7CDF8800658AEA /* Products */,
			);
			sourceTree = "<group>";
		};
		5B1FDBE71C7CDF8800658AEA /* Products */ = {
			isa = PBXGroup;
			children = (
				5B1FDBE61C7CDF8800658AEA /* weather-by-mikwiss.app */,
			);
			name = Products;
			sourceTree = "<group>";
		};
		5B1FDBE81C7CDF8800658AEA /* weather-by-mikwiss */ = {
			isa = PBXGroup;
			children = (
				5B1FDBFF1C7CDFEE00658AEA /* Constants */,
				5B1FDBFE1C7CDFDE00658AEA /* Utils */,
				5B1FDBFD1C7CDFBF00658AEA /* Model */,
				5B1FDBFC1C7CDFAD00658AEA /* View */,
				5B1FDBFB1C7CDF9400658AEA /* ViewController */,
				5B1FDBE91C7CDF8800658AEA /* AppDelegate.swift */,
				5B1FDBEB1C7CDF8800658AEA /* ViewController.swift */,
				5B1FDBED1C7CDF8800658AEA /* Main.storyboard */,
				5B1FDBF01C7CDF8800658AEA /* Assets.xcassets */,
				5B1FDBF21C7CDF8800658AEA /* LaunchScreen.storyboard */,
				5B1FDBF51C7CDF8800658AEA /* Info.plist */,
			);
			path = "weather-by-mikwiss";
			sourceTree = "<group>";
		};
		5B1FDBFB1C7CDF9400658AEA /* ViewController */ = {
			isa = PBXGroup;
			children = (
			);
			name = ViewController;
			path = ../ViewController;
			sourceTree = "<group>";
		};
		5B1FDBFC1C7CDFAD00658AEA /* View */ = {
			isa = PBXGroup;
			children = (
			);
			name = View;
			path = ../View;
			sourceTree = "<group>";
		};
		5B1FDBFD1C7CDFBF00658AEA /* Model */ = {
			isa = PBXGroup;
			children = (
			);
			name = Model;
			path = ../Model;
			sourceTree = "<group>";
		};
		5B1FDBFE1C7CDFDE00658AEA /* Utils */ = {
			isa = PBXGroup;
			children = (
			);
			name = Utils;
			path = ../Utils;
			sourceTree = "<group>";
		};
		5B1FDBFF1C7CDFEE00658AEA /* Constants */ = {
			isa = PBXGroup;
			children = (
			);
			name = Constants;
			path = ../Constants;
			sourceTree = "<group>";
		};
/* End PBXGroup section */

/* Begin PBXNativeTarget section */
		5B1FDBE51C7CDF8800658AEA /* weather-by-mikwiss */ = {
			isa = PBXNativeTarget;
			buildConfigurationList = 5B1FDBF81C7CDF8800658AEA /* Build configuration list for PBXNativeTarget "weather-by-mikwiss" */;
			buildPhases = (
				5B1FDBE21C7CDF8800658AEA /* Sources */,
				5B1FDBE31C7CDF8800658AEA /* Frameworks */,
				5B1FDBE41C7CDF8800658AEA /* Resources */,
			);
			buildRules = (
			);
			dependencies = (
			);
			name = "weather-by-mikwiss";
			productName = "weather-by-mikwiss";
			productReference = 5B1FDBE61C7CDF8800658AEA /* weather-by-mikwiss.app */;
			productType = "com.apple.product-type.application";
		};
/* End PBXNativeTarget section */

/* Begin PBXProject section */
		5B1FDBDE1C7CDF8800658AEA /* Project object */ = {
			isa = PBXProject;
			attributes = {
				LastSwiftUpdateCheck = 0720;
				LastUpgradeCheck = 0720;
				ORGANIZATIONNAME = Mikwiss;
				TargetAttributes = {
					5B1FDBE51C7CDF8800658AEA = {
						CreatedOnToolsVersion = 7.2.1;
					};
				};
			};
			buildConfigurationList = 5B1FDBE11C7CDF8800658AEA /* Build configuration list for PBXProject "weather-by-mikwiss" */;
			compatibilityVersion = "Xcode 3.2";
			developmentRegion = English;
			hasScannedForEncodings = 0;
			knownRegions = (
				en,
				Base,
			);
			mainGroup = 5B1FDBDD1C7CDF8800658AEA;
			productRefGroup = 5B1FDBE71C7CDF8800658AEA /* Products */;
			projectDirPath = "";
			projectRoot = "";
			targets = (
				5B1FDBE51C7CDF8800658AEA /* weather-by-mikwiss */,
			);
		};
/* End PBXProject section */

/* Begin PBXResourcesBuildPhase section */
		5B1FDBE41C7CDF8800658AEA /* Resources */ = {
			isa = PBXResourcesBuildPhase;
			buildActionMask = 2147483647;
			files = (
				5B1FDBF41C7CDF8800658AEA /* LaunchScreen.storyboard in Resources */,
				5B1FDBF11C7CDF8800658AEA /* Assets.xcassets in Resources */,
				5B1FDBEF1C7CDF8800658AEA /* Main.storyboard in Resources */,
			);
			runOnlyForDeploymentPostprocessing = 0;
		};
/* End PBXResourcesBuildPhase section */

/* Begin PBXSourcesBuildPhase section */
		5B1FDBE21C7CDF8800658AEA /* Sources */ = {
			isa = PBXSourcesBuildPhase;
			buildActionMask = 2147483647;
			files = (
				5B1FDBEC1C7CDF8800658AEA /* ViewController.swift in Sources */,
				5B1FDBEA1C7CDF8800658AEA /* AppDelegate.swift in Sources */,
			);
			runOnlyForDeploymentPostprocessing = 0;
		};
/* End PBXSourcesBuildPhase section */

/* Begin PBXVariantGroup section */
		5B1FDBED1C7CDF8800658AEA /* Main.storyboard */ = {
			isa = PBXVariantGroup;
			children = (
				5B1FDBEE1C7CDF8800658AEA /* Base */,
			);
			name = Main.storyboard;
			sourceTree = "<group>";
		};
		5B1FDBF21C7CDF8800658AEA /* LaunchScreen.storyboard */ = {
			isa = PBXVariantGroup;
			children = (
				5B1FDBF31C7CDF8800658AEA /* Base */,
			);
			name = LaunchScreen.storyboard;
			sourceTree = "<group>";
		};
/* End PBXVariantGroup section */

/* Begin XCBuildConfiguration section */
		5B1FDBF61C7CDF8800658AEA /* Debug */ = {
			isa = XCBuildConfiguration;
			buildSettings = {
				ALWAYS_SEARCH_USER_PATHS = NO;
				CLANG_CXX_LANGUAGE_STANDARD = "gnu++0x";
				CLANG_CXX_LIBRARY = "libc++";
				CLANG_ENABLE_MODULES = YES;
				CLANG_ENABLE_OBJC_ARC = YES;
				CLANG_WARN_BOOL_CONVERSION = YES;
				CLANG_WARN_CONSTANT_CONVERSION = YES;
				CLANG_WARN_DIRECT_OBJC_ISA_USAGE = YES_ERROR;
				CLANG_WARN_EMPTY_BODY = YES;
				CLANG_WARN_ENUM_CONVERSION = YES;
				CLANG_WARN_INT_CONVERSION = YES;
				CLANG_WARN_OBJC_ROOT_CLASS = YES_ERROR;
				CLANG_WARN_UNREACHABLE_CODE = YES;
				CLANG_WARN__DUPLICATE_METHOD_MATCH = YES;
				"CODE_SIGN_IDENTITY[sdk=iphoneos*]" = "iPhone Developer";
				COPY_PHASE_STRIP = NO;
				DEBUG_INFORMATION_FORMAT = dwarf;
				ENABLE_STRICT_OBJC_MSGSEND = YES;
				ENABLE_TESTABILITY = YES;
				GCC_C_LANGUAGE_STANDARD = gnu99;
				GCC_DYNAMIC_NO_PIC = NO;
				GCC_NO_COMMON_BLOCKS = YES;
				GCC_OPTIMIZATION_LEVEL = 0;
				GCC_PREPROCESSOR_DEFINITIONS = (
					"DEBUG=1",
					"$(inherited)",
				);
				GCC_WARN_64_TO_32_BIT_CONVERSION = YES;
				GCC_WARN_ABOUT_RETURN_TYPE = YES_ERROR;
				GCC_WARN_UNDECLARED_SELECTOR = YES;
				GCC_WARN_UNINITIALIZED_AUTOS = YES_AGGRESSIVE;
				GCC_WARN_UNUSED_FUNCTION = YES;
				GCC_WARN_UNUSED_VARIABLE = YES;
				IPHONEOS_DEPLOYMENT_TARGET = 9.2;
				MTL_ENABLE_DEBUG_INFO = YES;
				ONLY_ACTIVE_ARCH = YES;
				SDKROOT = iphoneos;
				SWIFT_OPTIMIZATION_LEVEL = "-Onone";
				TARGETED_DEVICE_FAMILY = "1,2";
			};
			name = Debug;
		};
		5B1FDBF71C7CDF8800658AEA /* Release */ = {
			isa = XCBuildConfiguration;
			buildSettings = {
				ALWAYS_SEARCH_USER_PATHS = NO;
				CLANG_CXX_LANGUAGE_STANDARD = "gnu++0x";
				CLANG_CXX_LIBRARY = "libc++";
				CLANG_ENABLE_MODULES = YES;
				CLANG_ENABLE_OBJC_ARC = YES;
				CLANG_WARN_BOOL_CONVERSION = YES;
				CLANG_WARN_CONSTANT_CONVERSION = YES;
				CLANG_WARN_DIRECT_OBJC_ISA_USAGE = YES_ERROR;
				CLANG_WARN_EMPTY_BODY = YES;
				CLANG_WARN_ENUM_CONVERSION = YES;
				CLANG_WARN_INT_CONVERSION = YES;
				CLANG_WARN_OBJC_ROOT_CLASS = YES_ERROR;
				CLANG_WARN_UNREACHABLE_CODE = YES;
				CLANG_WARN__DUPLICATE_METHOD_MATCH = YES;
				"CODE_SIGN_IDENTITY[sdk=iphoneos*]" = "iPhone Developer";
				COPY_PHASE_STRIP = NO;
				DEBUG_INFORMATION_FORMAT = "dwarf-with-dsym";
				ENABLE_NS_ASSERTIONS = NO;
				ENABLE_STRICT_OBJC_MSGSEND = YES;
				GCC_C_LANGUAGE_STANDARD = gnu99;
				GCC_NO_COMMON_BLOCKS = YES;
				GCC_WARN_64_TO_32_BIT_CONVERSION = YES;
				GCC_WARN_ABOUT_RETURN_TYPE = YES_ERROR;
				GCC_WARN_UNDECLARED_SELECTOR = YES;
				GCC_WARN_UNINITIALIZED_AUTOS = YES_AGGRESSIVE;
				GCC_WARN_UNUSED_FUNCTION = YES;
				GCC_WARN_UNUSED_VARIABLE = YES;
				IPHONEOS_DEPLOYMENT_TARGET = 9.2;
				MTL_ENABLE_DEBUG_INFO = NO;
				SDKROOT = iphoneos;
				TARGETED_DEVICE_FAMILY = "1,2";
				VALIDATE_PRODUCT = YES;
			};
			name = Release;
		};
		5B1FDBF91C7CDF8800658AEA /* Debug */ = {
			isa = XCBuildConfiguration;
			buildSettings = {
				ASSETCATALOG_COMPILER_APPICON_NAME = AppIcon;
				INFOPLIST_FILE = "weather-by-mikwiss/Info.plist";
				LD_RUNPATH_SEARCH_PATHS = "$(inherited) @executable_path/Frameworks";
				PRODUCT_BUNDLE_IDENTIFIER = "com.mikwiss.weather-by-mikwiss";
				PRODUCT_NAME = "$(TARGET_NAME)";
			};
			name = Debug;
		};
		5B1FDBFA1C7CDF8800658AEA /* Release */ = {
			isa = XCBuildConfiguration;
			buildSettings = {
				ASSETCATALOG_COMPILER_APPICON_NAME = AppIcon;
				INFOPLIST_FILE = "weather-by-mikwiss/Info.plist";
				LD_RUNPATH_SEARCH_PATHS = "$(inherited) @executable_path/Frameworks";
				PRODUCT_BUNDLE_IDENTIFIER = "com.mikwiss.weather-by-mikwiss";
				PRODUCT_NAME = "$(TARGET_NAME)";
			};
			name = Release;
		};
/* End XCBuildConfiguration section */

/* Begin XCConfigurationList section */
		5B1FDBE11C7CDF8800658AEA /* Build configuration list for PBXProject "weather-by-mikwiss" */ = {
			isa = XCConfigurationList;
			buildConfigurations = (
				5B1FDBF61C7CDF8800658AEA /* Debug */,
				5B1FDBF71C7CDF8800658AEA /* Release */,
			);
			defaultConfigurationIsVisible = 0;
			defaultConfigurationName = Release;
		};
		5B1FDBF81C7CDF8800658AEA /* Build configuration list for PBXNativeTarget "weather-by-mikwiss" */ = {
			isa = XCConfigurationList;
			buildConfigurations = (
				5B1FDBF91C7CDF8800658AEA /* Debug */,
				5B1FDBFA1C7CDF8800658AEA /* Release */,
			);
			defaultConfigurationIsVisible = 0;
		};
/* End XCConfigurationList section */
	};
	rootObject = 5B1FDBDE1C7CDF8800658AEA /* Project object */;
}
