// !$*UTF8*$!
{
	archiveVersion = 1;
	classes = {
	};
	objectVersion = 46;
	objects = {

/* Begin PBXBuildFile section */
		5B1FDBEA1C7CDF8800658AEA /* AppDelegate.swift in Sources */ = {isa = PBXBuildFile; fileRef = 5B1FDBE91C7CDF8800658AEA /* AppDelegate.swift */; };
		5B1FDBF11C7CDF8800658AEA /* Assets.xcassets in Resources */ = {isa = PBXBuildFile; fileRef = 5B1FDBF01C7CDF8800658AEA /* Assets.xcassets */; };
		5B1FDBF41C7CDF8800658AEA /* LaunchScreen.storyboard in Resources */ = {isa = PBXBuildFile; fileRef = 5B1FDBF21C7CDF8800658AEA /* LaunchScreen.storyboard */; };
		5B1FDC021C7DDAB800658AEA /* MainViewController.swift in Sources */ = {isa = PBXBuildFile; fileRef = 5B1FDC001C7DDAB800658AEA /* MainViewController.swift */; };
		5B1FDC031C7DDAB800658AEA /* MainViewController.xib in Resources */ = {isa = PBXBuildFile; fileRef = 5B1FDC011C7DDAB800658AEA /* MainViewController.xib */; };
		5B2F326E1C997F3C00238FAD /* WeatherService.swift in Sources */ = {isa = PBXBuildFile; fileRef = 5B2F326D1C997F3C00238FAD /* WeatherService.swift */; };
		5B5B41041C85C52D00E9375C /* DayTime.swift in Sources */ = {isa = PBXBuildFile; fileRef = 5B5B41031C85C52D00E9375C /* DayTime.swift */; };
		5B961F861C99D9180051B20D /* WeatherDay.swift in Sources */ = {isa = PBXBuildFile; fileRef = 5B961F851C99D9180051B20D /* WeatherDay.swift */; };
		5B961F891C99DD220051B20D /* WeatherEnum.swift in Sources */ = {isa = PBXBuildFile; fileRef = 5B961F881C99DD220051B20D /* WeatherEnum.swift */; };
		5BA0BF721C9AD25A005D7143 /* Weather.swift in Sources */ = {isa = PBXBuildFile; fileRef = 5BA0BF711C9AD25A005D7143 /* Weather.swift */; };
		5BA177811C820D94007EE73A /* DayWeatherView.swift in Sources */ = {isa = PBXBuildFile; fileRef = 5BA177801C820D94007EE73A /* DayWeatherView.swift */; };
		5BA177851C820FD3007EE73A /* DayWeatherView.xib in Resources */ = {isa = PBXBuildFile; fileRef = 5BA177841C820FD3007EE73A /* DayWeatherView.xib */; };
		5BE3F3D51C8E1EDE0022E174 /* HourWeatherView.xib in Resources */ = {isa = PBXBuildFile; fileRef = 5BE3F3D41C8E1EDE0022E174 /* HourWeatherView.xib */; };
		5BE3F3D71C8E29590022E174 /* HourWeatherView.swift in Sources */ = {isa = PBXBuildFile; fileRef = 5BE3F3D61C8E29590022E174 /* HourWeatherView.swift */; };
		5BE3F3E81C8F024C0022E174 /* MomentViewCell.swift in Sources */ = {isa = PBXBuildFile; fileRef = 5BE3F3E61C8F024C0022E174 /* MomentViewCell.swift */; };
		5BE3F3E91C8F024C0022E174 /* MomentViewCell.xib in Resources */ = {isa = PBXBuildFile; fileRef = 5BE3F3E71C8F024C0022E174 /* MomentViewCell.xib */; };
		5BE3F3EC1C9048220022E174 /* Helper.swift in Sources */ = {isa = PBXBuildFile; fileRef = 5BE3F3EB1C9048220022E174 /* Helper.swift */; };
		7D24CDA387A35F8AAA2F4BCB /* Pods_weather_by_mikwiss.framework in Frameworks */ = {isa = PBXBuildFile; fileRef = 2402C033EF7042D377BE6166 /* Pods_weather_by_mikwiss.framework */; };
/* End PBXBuildFile section */

/* Begin PBXFileReference section */
		2402C033EF7042D377BE6166 /* Pods_weather_by_mikwiss.framework */ = {isa = PBXFileReference; explicitFileType = wrapper.framework; includeInIndex = 0; path = Pods_weather_by_mikwiss.framework; sourceTree = BUILT_PRODUCTS_DIR; };
		3346F065B21771D9BB635E4D /* Pods-weather-by-mikwiss.release.xcconfig */ = {isa = PBXFileReference; includeInIndex = 1; lastKnownFileType = text.xcconfig; name = "Pods-weather-by-mikwiss.release.xcconfig"; path = "Pods/Target Support Files/Pods-weather-by-mikwiss/Pods-weather-by-mikwiss.release.xcconfig"; sourceTree = "<group>"; };
		5B1FDBE61C7CDF8800658AEA /* weather-by-mikwiss.app */ = {isa = PBXFileReference; explicitFileType = wrapper.application; includeInIndex = 0; path = "weather-by-mikwiss.app"; sourceTree = BUILT_PRODUCTS_DIR; };
		5B1FDBE91C7CDF8800658AEA /* AppDelegate.swift */ = {isa = PBXFileReference; lastKnownFileType = sourcecode.swift; path = AppDelegate.swift; sourceTree = "<group>"; };
		5B1FDBF01C7CDF8800658AEA /* Assets.xcassets */ = {isa = PBXFileReference; lastKnownFileType = folder.assetcatalog; path = Assets.xcassets; sourceTree = "<group>"; };
		5B1FDBF31C7CDF8800658AEA /* Base */ = {isa = PBXFileReference; lastKnownFileType = file.storyboard; name = Base; path = Base.lproj/LaunchScreen.storyboard; sourceTree = "<group>"; };
		5B1FDBF51C7CDF8800658AEA /* Info.plist */ = {isa = PBXFileReference; lastKnownFileType = text.plist.xml; path = Info.plist; sourceTree = "<group>"; };
		5B1FDC001C7DDAB800658AEA /* MainViewController.swift */ = {isa = PBXFileReference; fileEncoding = 4; lastKnownFileType = sourcecode.swift; path = MainViewController.swift; sourceTree = "<group>"; };
		5B1FDC011C7DDAB800658AEA /* MainViewController.xib */ = {isa = PBXFileReference; fileEncoding = 4; lastKnownFileType = file.xib; name = MainViewController.xib; path = "weather-by-mikwiss/View/MainViewController.xib"; sourceTree = SOURCE_ROOT; };
		5B2F326D1C997F3C00238FAD /* WeatherService.swift */ = {isa = PBXFileReference; fileEncoding = 4; lastKnownFileType = sourcecode.swift; path = WeatherService.swift; sourceTree = "<group>"; };
		5B5B41031C85C52D00E9375C /* DayTime.swift */ = {isa = PBXFileReference; fileEncoding = 4; lastKnownFileType = sourcecode.swift; path = DayTime.swift; sourceTree = "<group>"; };
		5B961F851C99D9180051B20D /* WeatherDay.swift */ = {isa = PBXFileReference; fileEncoding = 4; lastKnownFileType = sourcecode.swift; path = WeatherDay.swift; sourceTree = "<group>"; };
		5B961F881C99DD220051B20D /* WeatherEnum.swift */ = {isa = PBXFileReference; fileEncoding = 4; lastKnownFileType = sourcecode.swift; path = WeatherEnum.swift; sourceTree = "<group>"; };
		5BA0BF711C9AD25A005D7143 /* Weather.swift */ = {isa = PBXFileReference; fileEncoding = 4; lastKnownFileType = sourcecode.swift; path = Weather.swift; sourceTree = "<group>"; };
		5BA177801C820D94007EE73A /* DayWeatherView.swift */ = {isa = PBXFileReference; fileEncoding = 4; lastKnownFileType = sourcecode.swift; name = DayWeatherView.swift; path = "weather-by-mikwiss/View/DayWeatherView.swift"; sourceTree = SOURCE_ROOT; };
		5BA177841C820FD3007EE73A /* DayWeatherView.xib */ = {isa = PBXFileReference; fileEncoding = 4; lastKnownFileType = file.xib; path = DayWeatherView.xib; sourceTree = "<group>"; };
		5BE3F3D41C8E1EDE0022E174 /* HourWeatherView.xib */ = {isa = PBXFileReference; fileEncoding = 4; lastKnownFileType = file.xib; path = HourWeatherView.xib; sourceTree = "<group>"; };
		5BE3F3D61C8E29590022E174 /* HourWeatherView.swift */ = {isa = PBXFileReference; fileEncoding = 4; lastKnownFileType = sourcecode.swift; name = HourWeatherView.swift; path = "weather-by-mikwiss/View/HourWeatherView.swift"; sourceTree = SOURCE_ROOT; };
		5BE3F3E61C8F024C0022E174 /* MomentViewCell.swift */ = {isa = PBXFileReference; fileEncoding = 4; lastKnownFileType = sourcecode.swift; path = MomentViewCell.swift; sourceTree = "<group>"; };
		5BE3F3E71C8F024C0022E174 /* MomentViewCell.xib */ = {isa = PBXFileReference; fileEncoding = 4; lastKnownFileType = file.xib; path = MomentViewCell.xib; sourceTree = "<group>"; };
		5BE3F3EB1C9048220022E174 /* Helper.swift */ = {isa = PBXFileReference; fileEncoding = 4; lastKnownFileType = sourcecode.swift; path = Helper.swift; sourceTree = "<group>"; };
		941CFCD2A81143B9D4167AEF /* Pods-weather-by-mikwiss.debug.xcconfig */ = {isa = PBXFileReference; includeInIndex = 1; lastKnownFileType = text.xcconfig; name = "Pods-weather-by-mikwiss.debug.xcconfig"; path = "Pods/Target Support Files/Pods-weather-by-mikwiss/Pods-weather-by-mikwiss.debug.xcconfig"; sourceTree = "<group>"; };
/* End PBXFileReference section */

/* Begin PBXFrameworksBuildPhase section */
		5B1FDBE31C7CDF8800658AEA /* Frameworks */ = {
			isa = PBXFrameworksBuildPhase;
			buildActionMask = 2147483647;
			files = (
				7D24CDA387A35F8AAA2F4BCB /* Pods_weather_by_mikwiss.framework in Frameworks */,
			);
			runOnlyForDeploymentPostprocessing = 0;
		};
/* End PBXFrameworksBuildPhase section */

/* Begin PBXGroup section */
		14F3F6CE811225770CB37B9F /* Pods */ = {
			isa = PBXGroup;
			children = (
				941CFCD2A81143B9D4167AEF /* Pods-weather-by-mikwiss.debug.xcconfig */,
				3346F065B21771D9BB635E4D /* Pods-weather-by-mikwiss.release.xcconfig */,
			);
			name = Pods;
			sourceTree = "<group>";
		};
		3055473BCD7FD3D036932BBD /* Frameworks */ = {
			isa = PBXGroup;
			children = (
				2402C033EF7042D377BE6166 /* Pods_weather_by_mikwiss.framework */,
			);
			name = Frameworks;
			sourceTree = "<group>";
		};
		5B1FDBDD1C7CDF8800658AEA = {
			isa = PBXGroup;
			children = (
				5B1FDBE81C7CDF8800658AEA /* weather-by-mikwiss */,
				5B1FDBE71C7CDF8800658AEA /* Products */,
				14F3F6CE811225770CB37B9F /* Pods */,
				3055473BCD7FD3D036932BBD /* Frameworks */,
			);
			sourceTree = "<group>";
		};
		5B1FDBE71C7CDF8800658AEA /* Products */ = {
			isa = PBXGroup;
			children = (
				5B1FDBE61C7CDF8800658AEA /* weather-by-mikwiss.app */,
			);
			name = Products;
			sourceTree = "<group>";
		};
		5B1FDBE81C7CDF8800658AEA /* weather-by-mikwiss */ = {
			isa = PBXGroup;
			children = (
				5B961F871C99DCC50051B20D /* Enum */,
				5B2F326C1C997F2F00238FAD /* Services */,
				5B1FDBFF1C7CDFEE00658AEA /* Constants */,
				5B1FDBFE1C7CDFDE00658AEA /* Utils */,
				5B1FDBFD1C7CDFBF00658AEA /* Model */,
				5B1FDBFC1C7CDFAD00658AEA /* View */,
				5B1FDBFB1C7CDF9400658AEA /* ViewController */,
				5B1FDBE91C7CDF8800658AEA /* AppDelegate.swift */,
				5B1FDBF01C7CDF8800658AEA /* Assets.xcassets */,
				5B1FDBF21C7CDF8800658AEA /* LaunchScreen.storyboard */,
				5B1FDBF51C7CDF8800658AEA /* Info.plist */,
			);
			path = "weather-by-mikwiss";
			sourceTree = "<group>";
		};
		5B1FDBFB1C7CDF9400658AEA /* ViewController */ = {
			isa = PBXGroup;
			children = (
				5B1FDC001C7DDAB800658AEA /* MainViewController.swift */,
			);
			path = ViewController;
			sourceTree = "<group>";
		};
		5B1FDBFC1C7CDFAD00658AEA /* View */ = {
			isa = PBXGroup;
			children = (
				5BE3F3EA1C90459B0022E174 /* Old */,
				5B1FDC011C7DDAB800658AEA /* MainViewController.xib */,
				5BE3F3E61C8F024C0022E174 /* MomentViewCell.swift */,
				5BE3F3E71C8F024C0022E174 /* MomentViewCell.xib */,
			);
			path = View;
			sourceTree = "<group>";
		};
		5B1FDBFD1C7CDFBF00658AEA /* Model */ = {
			isa = PBXGroup;
			children = (
				5B961F851C99D9180051B20D /* WeatherDay.swift */,
				5BA0BF711C9AD25A005D7143 /* Weather.swift */,
			);
			path = Model;
			sourceTree = "<group>";
		};
		5B1FDBFE1C7CDFDE00658AEA /* Utils */ = {
			isa = PBXGroup;
			children = (
				5B5B41031C85C52D00E9375C /* DayTime.swift */,
			);
			path = Utils;
			sourceTree = "<group>";
		};
		5B1FDBFF1C7CDFEE00658AEA /* Constants */ = {
			isa = PBXGroup;
			children = (
				5BE3F3EB1C9048220022E174 /* Helper.swift */,
			);
			path = Constants;
			sourceTree = "<group>";
		};
		5B2F326C1C997F2F00238FAD /* Services */ = {
			isa = PBXGroup;
			children = (
				5B2F326D1C997F3C00238FAD /* WeatherService.swift */,
			);
			name = Services;
			sourceTree = "<group>";
		};
		5B961F871C99DCC50051B20D /* Enum */ = {
			isa = PBXGroup;
			children = (
				5B961F881C99DD220051B20D /* WeatherEnum.swift */,
			);
			name = Enum;
			sourceTree = "<group>";
		};
		5BE3F3EA1C90459B0022E174 /* Old */ = {
			isa = PBXGroup;
			children = (
				5BA177801C820D94007EE73A /* DayWeatherView.swift */,
				5BE3F3D61C8E29590022E174 /* HourWeatherView.swift */,
				5BA177841C820FD3007EE73A /* DayWeatherView.xib */,
				5BE3F3D41C8E1EDE0022E174 /* HourWeatherView.xib */,
			);
			name = Old;
			sourceTree = "<group>";
		};
/* End PBXGroup section */

/* Begin PBXNativeTarget section */
		5B1FDBE51C7CDF8800658AEA /* weather-by-mikwiss */ = {
			isa = PBXNativeTarget;
			buildConfigurationList = 5B1FDBF81C7CDF8800658AEA /* Build configuration list for PBXNativeTarget "weather-by-mikwiss" */;
			buildPhases = (
				D5D6E3EA0ACC4F9A922096EA /* Check Pods Manifest.lock */,
				5B1FDBE21C7CDF8800658AEA /* Sources */,
				5B1FDBE31C7CDF8800658AEA /* Frameworks */,
				5B1FDBE41C7CDF8800658AEA /* Resources */,
				2EA1E272A39FE5F87514939E /* Embed Pods Frameworks */,
				AF26C829E6D1B487D696DF2D /* Copy Pods Resources */,
			);
			buildRules = (
			);
			dependencies = (
			);
			name = "weather-by-mikwiss";
			productName = "weather-by-mikwiss";
			productReference = 5B1FDBE61C7CDF8800658AEA /* weather-by-mikwiss.app */;
			productType = "com.apple.product-type.application";
		};
/* End PBXNativeTarget section */

/* Begin PBXProject section */
		5B1FDBDE1C7CDF8800658AEA /* Project object */ = {
			isa = PBXProject;
			attributes = {
				LastSwiftUpdateCheck = 0720;
				LastUpgradeCheck = 0720;
				ORGANIZATIONNAME = Mikwiss;
				TargetAttributes = {
					5B1FDBE51C7CDF8800658AEA = {
						CreatedOnToolsVersion = 7.2.1;
						DevelopmentTeam = MAHS5CRR5R;
					};
				};
			};
			buildConfigurationList = 5B1FDBE11C7CDF8800658AEA /* Build configuration list for PBXProject "weather-by-mikwiss" */;
			compatibilityVersion = "Xcode 3.2";
			developmentRegion = English;
			hasScannedForEncodings = 0;
			knownRegions = (
				en,
				Base,
			);
			mainGroup = 5B1FDBDD1C7CDF8800658AEA;
			productRefGroup = 5B1FDBE71C7CDF8800658AEA /* Products */;
			projectDirPath = "";
			projectRoot = "";
			targets = (
				5B1FDBE51C7CDF8800658AEA /* weather-by-mikwiss */,
			);
		};
/* End PBXProject section */

/* Begin PBXResourcesBuildPhase section */
		5B1FDBE41C7CDF8800658AEA /* Resources */ = {
			isa = PBXResourcesBuildPhase;
			buildActionMask = 2147483647;
			files = (
				5BE3F3E91C8F024C0022E174 /* MomentViewCell.xib in Resources */,
				5BA177851C820FD3007EE73A /* DayWeatherView.xib in Resources */,
				5B1FDBF41C7CDF8800658AEA /* LaunchScreen.storyboard in Resources */,
				5BE3F3D51C8E1EDE0022E174 /* HourWeatherView.xib in Resources */,
				5B1FDC031C7DDAB800658AEA /* MainViewController.xib in Resources */,
				5B1FDBF11C7CDF8800658AEA /* Assets.xcassets in Resources */,
			);
			runOnlyForDeploymentPostprocessing = 0;
		};
/* End PBXResourcesBuildPhase section */

/* Begin PBXShellScriptBuildPhase section */
		2EA1E272A39FE5F87514939E /* Embed Pods Frameworks */ = {
			isa = PBXShellScriptBuildPhase;
			buildActionMask = 2147483647;
			files = (
			);
			inputPaths = (
			);
			name = "Embed Pods Frameworks";
			outputPaths = (
			);
			runOnlyForDeploymentPostprocessing = 0;
			shellPath = /bin/sh;
			shellScript = "\"${SRCROOT}/Pods/Target Support Files/Pods-weather-by-mikwiss/Pods-weather-by-mikwiss-frameworks.sh\"\n";
			showEnvVarsInLog = 0;
		};
		AF26C829E6D1B487D696DF2D /* Copy Pods Resources */ = {
			isa = PBXShellScriptBuildPhase;
			buildActionMask = 2147483647;
			files = (
			);
			inputPaths = (
			);
			name = "Copy Pods Resources";
			outputPaths = (
			);
			runOnlyForDeploymentPostprocessing = 0;
			shellPath = /bin/sh;
			shellScript = "\"${SRCROOT}/Pods/Target Support Files/Pods-weather-by-mikwiss/Pods-weather-by-mikwiss-resources.sh\"\n";
			showEnvVarsInLog = 0;
		};
		D5D6E3EA0ACC4F9A922096EA /* Check Pods Manifest.lock */ = {
			isa = PBXShellScriptBuildPhase;
			buildActionMask = 2147483647;
			files = (
			);
			inputPaths = (
			);
			name = "Check Pods Manifest.lock";
			outputPaths = (
			);
			runOnlyForDeploymentPostprocessing = 0;
			shellPath = /bin/sh;
			shellScript = "diff \"${PODS_ROOT}/../Podfile.lock\" \"${PODS_ROOT}/Manifest.lock\" > /dev/null\nif [[ $? != 0 ]] ; then\n    cat << EOM\nerror: The sandbox is not in sync with the Podfile.lock. Run 'pod install' or update your CocoaPods installation.\nEOM\n    exit 1\nfi\n";
			showEnvVarsInLog = 0;
		};
/* End PBXShellScriptBuildPhase section */

/* Begin PBXSourcesBuildPhase section */
		5B1FDBE21C7CDF8800658AEA /* Sources */ = {
			isa = PBXSourcesBuildPhase;
			buildActionMask = 2147483647;
			files = (
				5BA177811C820D94007EE73A /* DayWeatherView.swift in Sources */,
				5B2F326E1C997F3C00238FAD /* WeatherService.swift in Sources */,
				5B5B41041C85C52D00E9375C /* DayTime.swift in Sources */,
				5BE3F3EC1C9048220022E174 /* Helper.swift in Sources */,
				5BA0BF721C9AD25A005D7143 /* Weather.swift in Sources */,
				5B961F891C99DD220051B20D /* WeatherEnum.swift in Sources */,
				5BE3F3E81C8F024C0022E174 /* MomentViewCell.swift in Sources */,
				5B1FDBEA1C7CDF8800658AEA /* AppDelegate.swift in Sources */,
				5B1FDC021C7DDAB800658AEA /* MainViewController.swift in Sources */,
				5BE3F3D71C8E29590022E174 /* HourWeatherView.swift in Sources */,
				5B961F861C99D9180051B20D /* WeatherDay.swift in Sources */,
			);
			runOnlyForDeploymentPostprocessing = 0;
		};
/* End PBXSourcesBuildPhase section */

/* Begin PBXVariantGroup section */
		5B1FDBF21C7CDF8800658AEA /* LaunchScreen.storyboard */ = {
			isa = PBXVariantGroup;
			children = (
				5B1FDBF31C7CDF8800658AEA /* Base */,
			);
			name = LaunchScreen.storyboard;
			sourceTree = "<group>";
		};
/* End PBXVariantGroup section */

/* Begin XCBuildConfiguration section */
		5B1FDBF61C7CDF8800658AEA /* Debug */ = {
			isa = XCBuildConfiguration;
			buildSettings = {
				ALWAYS_SEARCH_USER_PATHS = NO;
				CLANG_CXX_LANGUAGE_STANDARD = "gnu++0x";
				CLANG_CXX_LIBRARY = "libc++";
				CLANG_ENABLE_MODULES = YES;
				CLANG_ENABLE_OBJC_ARC = YES;
				CLANG_WARN_BOOL_CONVERSION = YES;
				CLANG_WARN_CONSTANT_CONVERSION = YES;
				CLANG_WARN_DIRECT_OBJC_ISA_USAGE = YES_ERROR;
				CLANG_WARN_EMPTY_BODY = YES;
				CLANG_WARN_ENUM_CONVERSION = YES;
				CLANG_WARN_INT_CONVERSION = YES;
				CLANG_WARN_OBJC_ROOT_CLASS = YES_ERROR;
				CLANG_WARN_UNREACHABLE_CODE = YES;
				CLANG_WARN__DUPLICATE_METHOD_MATCH = YES;
				"CODE_SIGN_IDENTITY[sdk=iphoneos*]" = "iPhone Developer";
				COPY_PHASE_STRIP = NO;
				DEBUG_INFORMATION_FORMAT = dwarf;
				ENABLE_STRICT_OBJC_MSGSEND = YES;
				ENABLE_TESTABILITY = YES;
				GCC_C_LANGUAGE_STANDARD = gnu99;
				GCC_DYNAMIC_NO_PIC = NO;
				GCC_NO_COMMON_BLOCKS = YES;
				GCC_OPTIMIZATION_LEVEL = 0;
				GCC_PREPROCESSOR_DEFINITIONS = (
					"DEBUG=1",
					"$(inherited)",
				);
				GCC_WARN_64_TO_32_BIT_CONVERSION = YES;
				GCC_WARN_ABOUT_RETURN_TYPE = YES_ERROR;
				GCC_WARN_UNDECLARED_SELECTOR = YES;
				GCC_WARN_UNINITIALIZED_AUTOS = YES_AGGRESSIVE;
				GCC_WARN_UNUSED_FUNCTION = YES;
				GCC_WARN_UNUSED_VARIABLE = YES;
				IPHONEOS_DEPLOYMENT_TARGET = 9.2;
				MTL_ENABLE_DEBUG_INFO = YES;
				ONLY_ACTIVE_ARCH = YES;
				SDKROOT = iphoneos;
				SWIFT_OPTIMIZATION_LEVEL = "-Onone";
				TARGETED_DEVICE_FAMILY = "1,2";
			};
			name = Debug;
		};
		5B1FDBF71C7CDF8800658AEA /* Release */ = {
			isa = XCBuildConfiguration;
			buildSettings = {
				ALWAYS_SEARCH_USER_PATHS = NO;
				CLANG_CXX_LANGUAGE_STANDARD = "gnu++0x";
				CLANG_CXX_LIBRARY = "libc++";
				CLANG_ENABLE_MODULES = YES;
				CLANG_ENABLE_OBJC_ARC = YES;
				CLANG_WARN_BOOL_CONVERSION = YES;
				CLANG_WARN_CONSTANT_CONVERSION = YES;
				CLANG_WARN_DIRECT_OBJC_ISA_USAGE = YES_ERROR;
				CLANG_WARN_EMPTY_BODY = YES;
				CLANG_WARN_ENUM_CONVERSION = YES;
				CLANG_WARN_INT_CONVERSION = YES;
				CLANG_WARN_OBJC_ROOT_CLASS = YES_ERROR;
				CLANG_WARN_UNREACHABLE_CODE = YES;
				CLANG_WARN__DUPLICATE_METHOD_MATCH = YES;
				"CODE_SIGN_IDENTITY[sdk=iphoneos*]" = "iPhone Developer";
				COPY_PHASE_STRIP = NO;
				DEBUG_INFORMATION_FORMAT = "dwarf-with-dsym";
				ENABLE_NS_ASSERTIONS = NO;
				ENABLE_STRICT_OBJC_MSGSEND = YES;
				GCC_C_LANGUAGE_STANDARD = gnu99;
				GCC_NO_COMMON_BLOCKS = YES;
				GCC_WARN_64_TO_32_BIT_CONVERSION = YES;
				GCC_WARN_ABOUT_RETURN_TYPE = YES_ERROR;
				GCC_WARN_UNDECLARED_SELECTOR = YES;
				GCC_WARN_UNINITIALIZED_AUTOS = YES_AGGRESSIVE;
				GCC_WARN_UNUSED_FUNCTION = YES;
				GCC_WARN_UNUSED_VARIABLE = YES;
				IPHONEOS_DEPLOYMENT_TARGET = 9.2;
				MTL_ENABLE_DEBUG_INFO = NO;
				SDKROOT = iphoneos;
				TARGETED_DEVICE_FAMILY = "1,2";
				VALIDATE_PRODUCT = YES;
			};
			name = Release;
		};
		5B1FDBF91C7CDF8800658AEA /* Debug */ = {
			isa = XCBuildConfiguration;
			baseConfigurationReference = 941CFCD2A81143B9D4167AEF /* Pods-weather-by-mikwiss.debug.xcconfig */;
			buildSettings = {
				ASSETCATALOG_COMPILER_APPICON_NAME = AppIcon;
				CODE_SIGN_IDENTITY = "iPhone Developer";
				"CODE_SIGN_IDENTITY[sdk=iphoneos*]" = "iPhone Developer";
				INFOPLIST_FILE = "weather-by-mikwiss/Info.plist";
				LD_RUNPATH_SEARCH_PATHS = "$(inherited) @executable_path/Frameworks";
				PRODUCT_BUNDLE_IDENTIFIER = "com.mikwiss.weather-by-mikwiss";
				PRODUCT_NAME = "$(TARGET_NAME)";
				PROVISIONING_PROFILE = "";
				TARGETED_DEVICE_FAMILY = "1,2";
			};
			name = Debug;
		};
		5B1FDBFA1C7CDF8800658AEA /* Release */ = {
			isa = XCBuildConfiguration;
			baseConfigurationReference = 3346F065B21771D9BB635E4D /* Pods-weather-by-mikwiss.release.xcconfig */;
			buildSettings = {
				ASSETCATALOG_COMPILER_APPICON_NAME = AppIcon;
				CODE_SIGN_IDENTITY = "iPhone Developer";
				"CODE_SIGN_IDENTITY[sdk=iphoneos*]" = "iPhone Developer";
				INFOPLIST_FILE = "weather-by-mikwiss/Info.plist";
				LD_RUNPATH_SEARCH_PATHS = "$(inherited) @executable_path/Frameworks";
				PRODUCT_BUNDLE_IDENTIFIER = "com.mikwiss.weather-by-mikwiss";
				PRODUCT_NAME = "$(TARGET_NAME)";
				PROVISIONING_PROFILE = "";
				TARGETED_DEVICE_FAMILY = "1,2";
			};
			name = Release;
		};
/* End XCBuildConfiguration section */

/* Begin XCConfigurationList section */
		5B1FDBE11C7CDF8800658AEA /* Build configuration list for PBXProject "weather-by-mikwiss" */ = {
			isa = XCConfigurationList;
			buildConfigurations = (
				5B1FDBF61C7CDF8800658AEA /* Debug */,
				5B1FDBF71C7CDF8800658AEA /* Release */,
			);
			defaultConfigurationIsVisible = 0;
			defaultConfigurationName = Release;
		};
		5B1FDBF81C7CDF8800658AEA /* Build configuration list for PBXNativeTarget "weather-by-mikwiss" */ = {
			isa = XCConfigurationList;
			buildConfigurations = (
				5B1FDBF91C7CDF8800658AEA /* Debug */,
				5B1FDBFA1C7CDF8800658AEA /* Release */,
			);
			defaultConfigurationIsVisible = 0;
			defaultConfigurationName = Release;
		};
/* End XCConfigurationList section */
	};
	rootObject = 5B1FDBDE1C7CDF8800658AEA /* Project object */;
}
